GIT
  remote: git://github.com/mark-moseley/linecache
  revision: 869c6a65155068415925067e480741bd0a71527e
  specs:
    linecache19 (0.5.12)
      ruby_core_source (>= 0.1.4)

GIT
  remote: git://github.com/rails/jbuilder.git
  revision: e2a66168bfa38d6536944680815d417538ef7000
  specs:
    jbuilder (0.4.1)
      activesupport (>= 3.0.0)
      blankslate (>= 2.1.2.4)

GIT
  remote: git://github.com/talho/backgroundrb-rails3.git
  revision: 640deace93fa55612ecd3102a5e93539b20fca6d
  specs:
    backgroundrb-rails3 (1.1.6)
      chronic (>= 0.2.3)
      packet (>= 0.1.15)
      rails (>= 3.0.0)

GIT
  remote: git://github.com/talho/caching_presenter.git
  revision: a0aa2baa2e34b6feb2c4176e2edaa9e46b28a1cc
  specs:
    caching_presenter (0.8.0)

GIT
  remote: git://github.com/talho/happymapper.git
  revision: 0453583977a70170fbe94039f5d03d78cfb63ca4
  specs:
    happymapper (0.4.0)
      libxml-ruby (~> 2.0)

GIT
  remote: git://github.com/talho/httpclient.git
  revision: 557ef82946919232ea99822489f67d3634ab74c6
  specs:
    httpclient (2.2.2)

GIT
  remote: git://github.com/talho/httpi.git
  revision: d9befa4208ef490db160b4093ddff775f836f568
  specs:
    httpi (0.9.5)
      rack

GIT
  remote: git://github.com/talho/option_attrs.git
  revision: 6261f589cb3403d726b3ed7de08c2a24e246de34
  specs:
    option_attrs (0.1)

GIT
  remote: git://github.com/talho/pin_cushion.git
  revision: dcbbc9e67278f8ffb877c04acaf5bcd31c72a823
  specs:
    pin_cushion (0.1)

GIT
  remote: git://github.com/talho/rails_sql_views.git
  revision: 27a643be6ca5963298896c26ebb5accfd1c086b2
  specs:
    rails_sql_views (0.8.2)
      activerecord

GIT
  remote: ssh://git@git.talho.org/home/git/repositories/facho
  revision: b36a73a7be6c84f8e714387f12a62df249d6d2e7
  branch: master
  specs:
    facho (0.0.1)

GIT
  remote: ssh://git@git.talho.org/home/git/repositories/rollcall
  revision: cdef3247e5663a7d2f3a797de67d5347c4748978
  branch: master
  specs:
    rollcall (0.0.1)

GIT
  remote: ssh://git@git.talho.org/home/git/repositories/talho
  revision: 4720d7cc7d0a0372beb15673425351d39de0a36d
  branch: master
  specs:
    talho (0.0.1)

GIT
  remote: ssh://git@git.talho.org/home/git/repositories/vms
  revision: 53002c00e7de63d1d215bc50e4e50915b86673c0
  branch: master
  specs:
    vms (0.0.1)

GEM
  remote: http://rubygems.org/
  specs:
    RedCloth (4.2.9)
    actionmailer (3.2.6)
      actionpack (= 3.2.6)
      mail (~> 2.4.4)
    actionpack (3.2.6)
      activemodel (= 3.2.6)
      activesupport (= 3.2.6)
      builder (~> 3.0.0)
      erubis (~> 2.7.0)
      journey (~> 1.0.1)
      rack (~> 1.4.0)
      rack-cache (~> 1.2)
      rack-test (~> 0.6.1)
      sprockets (~> 2.1.3)
    activemodel (3.2.6)
      activesupport (= 3.2.6)
      builder (~> 3.0.0)
    activerecord (3.2.6)
      activemodel (= 3.2.6)
      activesupport (= 3.2.6)
      arel (~> 3.0.2)
      tzinfo (~> 0.3.29)
    activeresource (3.2.6)
      activemodel (= 3.2.6)
      activesupport (= 3.2.6)
    activesupport (3.2.6)
      i18n (~> 0.6)
      multi_json (~> 1.0)
    acts-as-taggable-on (2.2.2)
      rails (~> 3.0)
    addressable (2.2.8)
    airbrake (3.1.2)
      activesupport
      builder
    akami (1.2.0)
      gyoku (>= 0.4.0)
      nokogiri (>= 1.4.0)
    archive-tar-minitar (0.5.2)
    arel (3.0.2)
    awesome_nested_set (2.1.3)
      activerecord (>= 3.0.0)
    base32-crockford (0.1.0)
    blankslate (2.1.2.4)
    bson (1.6.4)
    bson_ext (1.6.2)
      bson (~> 1.6.2)
    builder (3.0.0)
    capistrano (2.12.0)
      highline
      net-scp (>= 1.0.0)
      net-sftp (>= 2.0.0)
      net-ssh (>= 2.0.14)
      net-ssh-gateway (>= 1.1.0)
    capistrano-unicorn (0.1.6)
      capistrano
    capybara (1.1.2)
      mime-types (>= 1.16)
      nokogiri (>= 1.3.3)
      rack (>= 1.0.0)
      rack-test (>= 0.5.4)
      selenium-webdriver (~> 2.0)
      xpath (~> 0.1.4)
    childprocess (0.3.3)
      ffi (~> 1.0.6)
    chromedriver-helper (0.0.3)
      nokogiri
    chronic (0.2.3)
      hoe (>= 1.2.1)
    clamav (0.4.1)
    clearance (0.16.3)
      diesel (~> 0.1.5)
      rails (>= 3.0)
    cocaine (0.2.1)
    columnize (0.3.6)
    crack (0.1.8)
    cucumber (1.2.1)
      builder (>= 2.1.2)
      diff-lcs (>= 1.1.3)
      gherkin (~> 2.11.0)
      json (>= 1.4.6)
    cucumber-rails (1.3.0)
      capybara (>= 1.1.2)
      cucumber (>= 1.1.8)
      nokogiri (>= 1.5.0)
    curb (0.8.1)
    daemons (1.1.8)
    database_cleaner (0.8.0)
    delayed_job (3.0.3)
      activesupport (~> 3.0)
    delayed_job_active_record (0.3.2)
      activerecord (> 2.1.0)
      delayed_job (~> 3.0.0)
    diesel (0.1.5)
      railties
    diff-lcs (1.1.3)
    dynamic_form (1.1.4)
    erubis (2.7.0)
    execjs (1.4.0)
      multi_json (~> 1.0)
    factory_girl (3.5.0)
      activesupport (>= 3.0.0)
    feedzirra (0.0.23)
      activesupport (>= 2.0.0)
      builder (>= 2.1.2)
      curb (>= 0.2.3)
      loofah (>= 0.3.1)
      nokogiri (> 0.0.0)
      sax-machine (>= 0.0.12)
    ffi (1.0.11)
    gherkin (2.11.1)
      json (>= 1.4.6)
    gyoku (0.4.6)
      builder (>= 2.1.2)
    headless (0.3.1)
    highline (1.6.13)
    hike (1.2.1)
    hoe (3.0.6)
      rake (~> 0.8)
    httparty (0.8.1)
      multi_json
      multi_xml
    i18n (0.6.0)
    journey (1.0.4)
    jruby-pageant (1.1.1)
    jslint_on_rails (1.1.1)
    json (1.7.3)
    kgio (2.7.4)
    libwebsocket (0.1.4)
      addressable
    libxml-ruby (2.3.3)
    loofah (1.2.1)
      nokogiri (>= 1.4.4)
    mail (2.4.4)
      i18n (>= 0.4.0)
      mime-types (~> 1.16)
      treetop (~> 1.4.8)
    mime-types (1.19)
    mongo (1.6.2)
      bson (~> 1.6.2)
    multi_json (1.3.6)
    multi_xml (0.5.1)
    net-scp (1.0.4)
      net-ssh (>= 1.99.1)
    net-sftp (2.0.5)
      net-ssh (>= 2.0.9)
    net-ssh (2.4.0)
      jruby-pageant (>= 1.0.2)
    net-ssh-gateway (1.1.0)
      net-ssh (>= 1.99.1)
    no_peeping_toms (1.1.0)
      activerecord (>= 1.1)
    nokogiri (1.5.5)
    nori (1.1.3)
    open4 (1.3.0)
    packet (0.1.15)
    paper_trail (2.6.3)
      activerecord (~> 3.0)
      railties (~> 3.0)
    paperclip (3.1.3)
      activemodel (>= 3.0.0)
      activerecord (>= 3.0.0)
      activesupport (>= 3.0.0)
      cocaine (>= 0.0.2)
      mime-types
    perftools.rb (2.0.0)
    pg (0.14.0)
    polyglot (0.3.3)
    prawn (0.8.4)
      prawn-core (>= 0.8.4, < 0.9)
      prawn-layout (>= 0.8.4, < 0.9)
      prawn-security (>= 0.8.4, < 0.9)
    prawn-core (0.8.4)
    prawn-layout (0.8.4)
    prawn-security (0.8.4)
    rack (1.4.1)
    rack-cache (1.2)
      rack (>= 0.4)
    rack-perftools_profiler (0.6.0)
      open4 (~> 1.0)
      perftools.rb (~> 2.0.0)
      rack (~> 1.0)
    rack-protection (1.2.0)
      rack
    rack-raw-upload (1.1.0)
      json
    rack-ssl (1.3.2)
      rack
    rack-test (0.6.1)
      rack (>= 1.0)
    rails (3.2.6)
      actionmailer (= 3.2.6)
      actionpack (= 3.2.6)
      activerecord (= 3.2.6)
      activeresource (= 3.2.6)
      activesupport (= 3.2.6)
      bundler (~> 1.0)
      railties (= 3.2.6)
    rails-dev-tweaks (0.6.1)
      actionpack (~> 3.1)
      railties (~> 3.1)
    railties (3.2.6)
      actionpack (= 3.2.6)
      activesupport (= 3.2.6)
      rack-ssl (~> 1.3.2)
      rake (>= 0.8.7)
      rdoc (~> 3.4)
      thor (>= 0.14.6, < 2.0)
    raindrops (0.10.0)
    rake (0.9.2.2)
    rdoc (3.12)
      json (~> 1.4)
    riddle (1.5.2)
    rspec (2.11.0)
      rspec-core (~> 2.11.0)
      rspec-expectations (~> 2.11.0)
      rspec-mocks (~> 2.11.0)
    rspec-core (2.11.0)
    rspec-expectations (2.11.1)
      diff-lcs (~> 1.1.3)
    rspec-mocks (2.11.1)
    rspec-rails (2.11.0)
      actionpack (>= 3.0)
      activesupport (>= 3.0)
      railties (>= 3.0)
      rspec (~> 2.11.0)
    ruby-debug-base19 (0.11.25)
      columnize (>= 0.3.1)
      linecache19 (>= 0.5.11)
      ruby_core_source (>= 0.1.4)
    ruby-debug-base19x (0.11.30.pre10)
      columnize (>= 0.3.1)
      linecache19 (>= 0.5.11)
      rake (>= 0.8.1)
      ruby_core_source (>= 0.1.4)
    ruby-debug19 (0.11.6)
      columnize (>= 0.3.1)
      linecache19 (>= 0.5.11)
      ruby-debug-base19 (>= 0.11.19)
    ruby_core_source (0.1.5)
      archive-tar-minitar (>= 0.5.2)
    rubyzip (0.9.9)
    rvm-capistrano (1.2.3)
      capistrano (>= 2.0.0)
    sass (3.1.20)
    sass-rails (3.2.5)
      railties (~> 3.2.0)
      sass (>= 3.1.10)
      tilt (~> 1.3)
    savon (0.9.7)
      akami (~> 1.0)
      builder (>= 2.1.2)
      gyoku (>= 0.4.0)
      httpi (~> 0.9)
      nokogiri (>= 1.4.0)
      nori (~> 1.0)
      wasabi (~> 2.0)
    sax-machine (0.1.0)
      nokogiri (> 0.0.0)
    selenium-webdriver (2.24.0)
      childprocess (>= 0.2.5)
      libwebsocket (~> 0.1.3)
      multi_json (~> 1.0)
      rubyzip
    sinatra (1.3.2)
      rack (~> 1.3, >= 1.3.6)
      rack-protection (~> 1.2)
      tilt (~> 1.3, >= 1.3.3)
    spork (0.9.2)
    sprockets (2.1.3)
      hike (~> 1.2)
      rack (~> 1.0)
      tilt (~> 1.1, != 1.3.0)
    thinking-sphinx (2.0.12)
      activerecord (>= 3.0.3)
      builder (>= 2.1.2)
      riddle (>= 1.5.2)
    thor (0.15.4)
    tilt (1.3.3)
    treetop (1.4.10)
      polyglot
      polyglot (>= 0.3.1)
    ts-delayed-delta (1.1.3)
      delayed_job (>= 2.0.4)
      thinking-sphinx (>= 1.3.6)
    tzinfo (0.3.33)
    uglifier (1.2.6)
      execjs (>= 0.3.0)
      multi_json (~> 1.3)
    unicorn (4.3.1)
      kgio (~> 2.6)
      rack
      raindrops (~> 0.7)
    validatable (1.6.7)
    wasabi (2.3.0)
      nokogiri (>= 1.4.0)
    wicked_pdf (0.7.9)
    will_paginate (3.0.3)
    xpath (0.1.4)
      nokogiri (~> 1.3)
    yajl-ruby (1.1.0)

PLATFORMS
  ruby

DEPENDENCIES
  RedCloth
  acts-as-taggable-on (~> 2.2.0)
  airbrake
  awesome_nested_set
  backgroundrb-rails3!
  base32-crockford (= 0.1.0)
  bson_ext (= 1.6.2)
  caching_presenter!
  capistrano
  capistrano-unicorn
  capybara
  childprocess
  chromedriver-helper
  chronic (= 0.2.3)
  clamav (= 0.4.1)
  clearance (~> 0.16.0)
  crack (= 0.1.8)
  cucumber-rails
  daemons
  database_cleaner
  delayed_job (~> 3.0.1)
  delayed_job_active_record (~> 0.3)
  dynamic_form
  facho!
  factory_girl
  feedzirra (= 0.0.23)
  happymapper!
  headless
  httparty (= 0.8.1)
  httpclient!
  httpi!
  jbuilder!
  jslint_on_rails
  libxml-ruby (~> 2.3)
  linecache19!
  mongo (= 1.6.2)
  net-ssh (~> 2.4.0)
  no_peeping_toms (~> 1.1.0)
  option_attrs!
  packet (= 0.1.15)
  paper_trail (>= 2)
  paperclip (>= 3.0)
  pg (>= 0.11)
  pin_cushion!
  prawn (= 0.8.4)
  rack-perftools_profiler
  rack-raw-upload
  rails (~> 3.2.0)
  rails-dev-tweaks (~> 0.6.1)
  rails_sql_views!
  rollcall!
  rspec
  rspec-rails
  ruby-debug-base19x (~> 0.11.30.pre4)
  ruby-debug19
  rvm-capistrano
  sass-rails
  savon (= 0.9.7)
  selenium-webdriver
  sinatra
  spork
  sprockets
  talho!
  thinking-sphinx (~> 2.0.11)
  ts-delayed-delta
  uglifier
  unicorn
  validatable (= 1.6.7)
  vms!
  wicked_pdf (= 0.7.9)
  will_paginate (~> 3)
  yajl-ruby
